// !$*UTF8*$!
{
	archiveVersion = 1;
	classes = {
	};
	objectVersion = 46;
	objects = {

/* Begin PBXBuildFile section */
		0209634C1D8AF53F0020A286 /* NoteTableViewController.swift in Sources */ = {isa = PBXBuildFile; fileRef = 0209634B1D8AF53F0020A286 /* NoteTableViewController.swift */; };
		0209634E1D8AF6FD0020A286 /* Note.swift in Sources */ = {isa = PBXBuildFile; fileRef = 0209634D1D8AF6FD0020A286 /* Note.swift */; };
		02FC79811D8ADE3200EEE00A /* AppDelegate.swift in Sources */ = {isa = PBXBuildFile; fileRef = 02FC79801D8ADE3200EEE00A /* AppDelegate.swift */; };
		02FC79861D8ADE3200EEE00A /* Main.storyboard in Resources */ = {isa = PBXBuildFile; fileRef = 02FC79841D8ADE3200EEE00A /* Main.storyboard */; };
		02FC79881D8ADE3200EEE00A /* Assets.xcassets in Resources */ = {isa = PBXBuildFile; fileRef = 02FC79871D8ADE3200EEE00A /* Assets.xcassets */; };
		02FC798B1D8ADE3200EEE00A /* LaunchScreen.storyboard in Resources */ = {isa = PBXBuildFile; fileRef = 02FC79891D8ADE3200EEE00A /* LaunchScreen.storyboard */; };
		02FC79931D8AE89500EEE00A /* NoteTableViewCell.swift in Sources */ = {isa = PBXBuildFile; fileRef = 02FC79921D8AE89500EEE00A /* NoteTableViewCell.swift */; };
/* End PBXBuildFile section */

/* Begin PBXFileReference section */
		0209634B1D8AF53F0020A286 /* NoteTableViewController.swift */ = {isa = PBXFileReference; fileEncoding = 4; lastKnownFileType = sourcecode.swift; path = NoteTableViewController.swift; sourceTree = "<group>"; };
		0209634D1D8AF6FD0020A286 /* Note.swift */ = {isa = PBXFileReference; fileEncoding = 4; lastKnownFileType = sourcecode.swift; path = Note.swift; sourceTree = "<group>"; };
		02FC797D1D8ADE3200EEE00A /* Note Taker.app */ = {isa = PBXFileReference; explicitFileType = wrapper.application; includeInIndex = 0; path = "Note Taker.app"; sourceTree = BUILT_PRODUCTS_DIR; };
		02FC79801D8ADE3200EEE00A /* AppDelegate.swift */ = {isa = PBXFileReference; lastKnownFileType = sourcecode.swift; path = AppDelegate.swift; sourceTree = "<group>"; };
		02FC79851D8ADE3200EEE00A /* Base */ = {isa = PBXFileReference; lastKnownFileType = file.storyboard; name = Base; path = Base.lproj/Main.storyboard; sourceTree = "<group>"; };
		02FC79871D8ADE3200EEE00A /* Assets.xcassets */ = {isa = PBXFileReference; lastKnownFileType = folder.assetcatalog; path = Assets.xcassets; sourceTree = "<group>"; };
		02FC798A1D8ADE3200EEE00A /* Base */ = {isa = PBXFileReference; lastKnownFileType = file.storyboard; name = Base; path = Base.lproj/LaunchScreen.storyboard; sourceTree = "<group>"; };
		02FC798C1D8ADE3200EEE00A /* Info.plist */ = {isa = PBXFileReference; lastKnownFileType = text.plist.xml; path = Info.plist; sourceTree = "<group>"; };
		02FC79921D8AE89500EEE00A /* NoteTableViewCell.swift */ = {isa = PBXFileReference; fileEncoding = 4; lastKnownFileType = sourcecode.swift; path = NoteTableViewCell.swift; sourceTree = "<group>"; };
/* End PBXFileReference section */

/* Begin PBXFrameworksBuildPhase section */
		02FC797A1D8ADE3100EEE00A /* Frameworks */ = {
			isa = PBXFrameworksBuildPhase;
			buildActionMask = 2147483647;
			files = (
			);
			runOnlyForDeploymentPostprocessing = 0;
		};
/* End PBXFrameworksBuildPhase section */

/* Begin PBXGroup section */
		02FC79741D8ADE3100EEE00A = {
			isa = PBXGroup;
			children = (
				02FC797F1D8ADE3200EEE00A /* Note Taker */,
				02FC797E1D8ADE3200EEE00A /* Products */,
			);
			sourceTree = "<group>";
		};
		02FC797E1D8ADE3200EEE00A /* Products */ = {
			isa = PBXGroup;
			children = (
				02FC797D1D8ADE3200EEE00A /* Note Taker.app */,
			);
			name = Products;
			sourceTree = "<group>";
		};
		02FC797F1D8ADE3200EEE00A /* Note Taker */ = {
			isa = PBXGroup;
			children = (
				02FC79801D8ADE3200EEE00A /* AppDelegate.swift */,
				02FC79841D8ADE3200EEE00A /* Main.storyboard */,
				0209634B1D8AF53F0020A286 /* NoteTableViewController.swift */,
				0209634D1D8AF6FD0020A286 /* Note.swift */,
				02FC79921D8AE89500EEE00A /* NoteTableViewCell.swift */,
				02FC79871D8ADE3200EEE00A /* Assets.xcassets */,
				02FC79891D8ADE3200EEE00A /* LaunchScreen.storyboard */,
				02FC798C1D8ADE3200EEE00A /* Info.plist */,
			);
			path = "Note Taker";
			sourceTree = "<group>";
		};
/* End PBXGroup section */

/* Begin PBXNativeTarget section */
		02FC797C1D8ADE3100EEE00A /* Note Taker */ = {
			isa = PBXNativeTarget;
			buildConfigurationList = 02FC798F1D8ADE3200EEE00A /* Build configuration list for PBXNativeTarget "Note Taker" */;
			buildPhases = (
				02FC79791D8ADE3100EEE00A /* Sources */,
				02FC797A1D8ADE3100EEE00A /* Frameworks */,
				02FC797B1D8ADE3100EEE00A /* Resources */,
			);
			buildRules = (
			);
			dependencies = (
			);
			name = "Note Taker";
			productName = "Note Taker";
			productReference = 02FC797D1D8ADE3200EEE00A /* Note Taker.app */;
			productType = "com.apple.product-type.application";
		};
/* End PBXNativeTarget section */

/* Begin PBXProject section */
		02FC79751D8ADE3100EEE00A /* Project object */ = {
			isa = PBXProject;
			attributes = {
				LastSwiftUpdateCheck = 0800;
				LastUpgradeCheck = 0800;
				ORGANIZATIONNAME = "Mark Sherriff";
				TargetAttributes = {
					02FC797C1D8ADE3100EEE00A = {
						CreatedOnToolsVersion = 8.0;
						DevelopmentTeam = M25SR6J6SX;
						ProvisioningStyle = Automatic;
					};
				};
			};
			buildConfigurationList = 02FC79781D8ADE3100EEE00A /* Build configuration list for PBXProject "Note Taker" */;
			compatibilityVersion = "Xcode 3.2";
			developmentRegion = English;
			hasScannedForEncodings = 0;
			knownRegions = (
				en,
				Base,
			);
			mainGroup = 02FC79741D8ADE3100EEE00A;
			productRefGroup = 02FC797E1D8ADE3200EEE00A /* Products */;
			projectDirPath = "";
			projectRoot = "";
			targets = (
				02FC797C1D8ADE3100EEE00A /* Note Taker */,
			);
		};
/* End PBXProject section */

/* Begin PBXResourcesBuildPhase section */
		02FC797B1D8ADE3100EEE00A /* Resources */ = {
			isa = PBXResourcesBuildPhase;
			buildActionMask = 2147483647;
			files = (
				02FC798B1D8ADE3200EEE00A /* LaunchScreen.storyboard in Resources */,
				02FC79881D8ADE3200EEE00A /* Assets.xcassets in Resources */,
				02FC79861D8ADE3200EEE00A /* Main.storyboard in Resources */,
			);
			runOnlyForDeploymentPostprocessing = 0;
		};
/* End PBXResourcesBuildPhase section */

/* Begin PBXSourcesBuildPhase section */
		02FC79791D8ADE3100EEE00A /* Sources */ = {
			isa = PBXSourcesBuildPhase;
			buildActionMask = 2147483647;
			files = (
				0209634E1D8AF6FD0020A286 /* Note.swift in Sources */,
				0209634C1D8AF53F0020A286 /* NoteTableViewController.swift in Sources */,
				02FC79811D8ADE3200EEE00A /* AppDelegate.swift in Sources */,
				02FC79931D8AE89500EEE00A /* NoteTableViewCell.swift in Sources */,
			);
			runOnlyForDeploymentPostprocessing = 0;
		};
/* End PBXSourcesBuildPhase section */

/* Begin PBXVariantGroup section */
		02FC79841D8ADE3200EEE00A /* Main.storyboard */ = {
			isa = PBXVariantGroup;
			children = (
				02FC79851D8ADE3200EEE00A /* Base */,
			);
			name = Main.storyboard;
			sourceTree = "<group>";
		};
		02FC79891D8ADE3200EEE00A /* LaunchScreen.storyboard */ = {
			isa = PBXVariantGroup;
			children = (
				02FC798A1D8ADE3200EEE00A /* Base */,
			);
			name = LaunchScreen.storyboard;
			sourceTree = "<group>";
		};
/* End PBXVariantGroup section */

/* Begin XCBuildConfiguration section */
		02FC798D1D8ADE3200EEE00A /* Debug */ = {
			isa = XCBuildConfiguration;
			buildSettings = {
				ALWAYS_SEARCH_USER_PATHS = NO;
				CLANG_ANALYZER_NONNULL = YES;
				CLANG_CXX_LANGUAGE_STANDARD = "gnu++0x";
				CLANG_CXX_LIBRARY = "libc++";
				CLANG_ENABLE_MODULES = YES;
				CLANG_ENABLE_OBJC_ARC = YES;
				CLANG_WARN_BOOL_CONVERSION = YES;
				CLANG_WARN_CONSTANT_CONVERSION = YES;
				CLANG_WARN_DIRECT_OBJC_ISA_USAGE = YES_ERROR;
				CLANG_WARN_DOCUMENTATION_COMMENTS = YES;
				CLANG_WARN_EMPTY_BODY = YES;
				CLANG_WARN_ENUM_CONVERSION = YES;
				CLANG_WARN_INFINITE_RECURSION = YES;
				CLANG_WARN_INT_CONVERSION = YES;
				CLANG_WARN_OBJC_ROOT_CLASS = YES_ERROR;
				CLANG_WARN_SUSPICIOUS_MOVES = YES;
				CLANG_WARN_UNREACHABLE_CODE = YES;
				CLANG_WARN__DUPLICATE_METHOD_MATCH = YES;
				"CODE_SIGN_IDENTITY[sdk=iphoneos*]" = "iPhone Developer";
				COPY_PHASE_STRIP = NO;
				DEBUG_INFORMATION_FORMAT = dwarf;
				ENABLE_STRICT_OBJC_MSGSEND = YES;
				ENABLE_TESTABILITY = YES;
				GCC_C_LANGUAGE_STANDARD = gnu99;
				GCC_DYNAMIC_NO_PIC = NO;
				GCC_NO_COMMON_BLOCKS = YES;
				GCC_OPTIMIZATION_LEVEL = 0;
				GCC_PREPROCESSOR_DEFINITIONS = (
					"DEBUG=1",
					"$(inherited)",
				);
				GCC_WARN_64_TO_32_BIT_CONVERSION = YES;
				GCC_WARN_ABOUT_RETURN_TYPE = YES_ERROR;
				GCC_WARN_UNDECLARED_SELECTOR = YES;
				GCC_WARN_UNINITIALIZED_AUTOS = YES_AGGRESSIVE;
				GCC_WARN_UNUSED_FUNCTION = YES;
				GCC_WARN_UNUSED_VARIABLE = YES;
				IPHONEOS_DEPLOYMENT_TARGET = 10.0;
				MTL_ENABLE_DEBUG_INFO = YES;
				ONLY_ACTIVE_ARCH = YES;
				SDKROOT = iphoneos;
				SWIFT_ACTIVE_COMPILATION_CONDITIONS = DEBUG;
				SWIFT_OPTIMIZATION_LEVEL = "-Onone";
				TARGETED_DEVICE_FAMILY = "1,2";
			};
			name = Debug;
		};
		02FC798E1D8ADE3200EEE00A /* Release */ = {
			isa = XCBuildConfiguration;
			buildSettings = {
				ALWAYS_SEARCH_USER_PATHS = NO;
				CLANG_ANALYZER_NONNULL = YES;
				CLANG_CXX_LANGUAGE_STANDARD = "gnu++0x";
				CLANG_CXX_LIBRARY = "libc++";
				CLANG_ENABLE_MODULES = YES;
				CLANG_ENABLE_OBJC_ARC = YES;
				CLANG_WARN_BOOL_CONVERSION = YES;
				CLANG_WARN_CONSTANT_CONVERSION = YES;
				CLANG_WARN_DIRECT_OBJC_ISA_USAGE = YES_ERROR;
				CLANG_WARN_DOCUMENTATION_COMMENTS = YES;
				CLANG_WARN_EMPTY_BODY = YES;
				CLANG_WARN_ENUM_CONVERSION = YES;
				CLANG_WARN_INFINITE_RECURSION = YES;
				CLANG_WARN_INT_CONVERSION = YES;
				CLANG_WARN_OBJC_ROOT_CLASS = YES_ERROR;
				CLANG_WARN_SUSPICIOUS_MOVES = YES;
				CLANG_WARN_UNREACHABLE_CODE = YES;
				CLANG_WARN__DUPLICATE_METHOD_MATCH = YES;
				"CODE_SIGN_IDENTITY[sdk=iphoneos*]" = "iPhone Developer";
				COPY_PHASE_STRIP = NO;
				DEBUG_INFORMATION_FORMAT = "dwarf-with-dsym";
				ENABLE_NS_ASSERTIONS = NO;
				ENABLE_STRICT_OBJC_MSGSEND = YES;
				GCC_C_LANGUAGE_STANDARD = gnu99;
				GCC_NO_COMMON_BLOCKS = YES;
				GCC_WARN_64_TO_32_BIT_CONVERSION = YES;
				GCC_WARN_ABOUT_RETURN_TYPE = YES_ERROR;
				GCC_WARN_UNDECLARED_SELECTOR = YES;
				GCC_WARN_UNINITIALIZED_AUTOS = YES_AGGRESSIVE;
				GCC_WARN_UNUSED_FUNCTION = YES;
				GCC_WARN_UNUSED_VARIABLE = YES;
				IPHONEOS_DEPLOYMENT_TARGET = 10.0;
				MTL_ENABLE_DEBUG_INFO = NO;
				SDKROOT = iphoneos;
				SWIFT_OPTIMIZATION_LEVEL = "-Owholemodule";
				TARGETED_DEVICE_FAMILY = "1,2";
				VALIDATE_PRODUCT = YES;
			};
			name = Release;
		};
		02FC79901D8ADE3200EEE00A /* Debug */ = {
			isa = XCBuildConfiguration;
			buildSettings = {
				ASSETCATALOG_COMPILER_APPICON_NAME = AppIcon;
				DEVELOPMENT_TEAM = M25SR6J6SX;
				INFOPLIST_FILE = "Note Taker/Info.plist";
				LD_RUNPATH_SEARCH_PATHS = "$(inherited) @executable_path/Frameworks";
				PRODUCT_BUNDLE_IDENTIFIER = "edu.virginia.cs.cs4720.Note-Taker";
				PRODUCT_NAME = "$(TARGET_NAME)";
				SWIFT_VERSION = 3.0;
			};
			name = Debug;
		};
		02FC79911D8ADE3200EEE00A /* Release */ = {
			isa = XCBuildConfiguration;
			buildSettings = {
				ASSETCATALOG_COMPILER_APPICON_NAME = AppIcon;
				DEVELOPMENT_TEAM = M25SR6J6SX;
				INFOPLIST_FILE = "Note Taker/Info.plist";
				LD_RUNPATH_SEARCH_PATHS = "$(inherited) @executable_path/Frameworks";
				PRODUCT_BUNDLE_IDENTIFIER = "edu.virginia.cs.cs4720.Note-Taker";
				PRODUCT_NAME = "$(TARGET_NAME)";
				SWIFT_VERSION = 3.0;
			};
			name = Release;
		};
/* End XCBuildConfiguration section */

/* Begin XCConfigurationList section */
		02FC79781D8ADE3100EEE00A /* Build configuration list for PBXProject "Note Taker" */ = {
			isa = XCConfigurationList;
			buildConfigurations = (
				02FC798D1D8ADE3200EEE00A /* Debug */,
				02FC798E1D8ADE3200EEE00A /* Release */,
			);
			defaultConfigurationIsVisible = 0;
			defaultConfigurationName = Release;
		};
		02FC798F1D8ADE3200EEE00A /* Build configuration list for PBXNativeTarget "Note Taker" */ = {
			isa = XCConfigurationList;
			buildConfigurations = (
				02FC79901D8ADE3200EEE00A /* Debug */,
				02FC79911D8ADE3200EEE00A /* Release */,
			);
			defaultConfigurationIsVisible = 0;
			defaultConfigurationName = Release;
		};
/* End XCConfigurationList section */
	};
	rootObject = 02FC79751D8ADE3100EEE00A /* Project object */;
}
